
Microsoft Visual Studio Solution File, Format Version 12.00
# Visual Studio Version 17
VisualStudioVersion = 17.0.32112.339
MinimumVisualStudioVersion = 10.0.40219.1
Project("{9A19103F-16F7-4668-BE54-9A1E7A4F7556}") = "HttpFunctionApp", "HttpFunctionApp\HttpFunctionApp.csproj", "{7A5E9861-3A3E-4133-945E-C6CB1DCE1898}"
EndProject
Global
	GlobalSection(SolutionConfigurationPlatforms) = preSolution
		Debug|Any CPU = Debug|Any CPU
		Release|Any CPU = Release|Any CPU
	EndGlobalSection
	GlobalSection(ProjectConfigurationPlatforms) = postSolution
		{7A5E9861-3A3E-4133-945E-C6CB1DCE1898}.Debug|Any CPU.ActiveCfg = Debug|Any CPU
		{7A5E9861-3A3E-4133-945E-C6CB1DCE1898}.Debug|Any CPU.Build.0 = Debug|Any CPU
		{7A5E9861-3A3E-4133-945E-C6CB1DCE1898}.Release|Any CPU.ActiveCfg = Release|Any CPU
		{7A5E9861-3A3E-4133-945E-C6CB1DCE1898}.Release|Any CPU.Build.0 = Release|Any CPU
	EndGlobalSection
	GlobalSection(SolutionProperties) = preSolution
		HideSolutionNode = FALSE
	EndGlobalSection
	GlobalSection(ExtensibilityGlobals) = postSolution
		SolutionGuid = {2ED1AB50-753C-4F31-A578-3013B2AB7CE9}
	EndGlobalSection
EndGlobal
